// !$*UTF8*$!
{
	archiveVersion = 1;
	classes = {
	};
	objectVersion = 56;
	objects = {

/* Begin PBXBuildFile section */
		87835C552ABF086800B1406F /* YummyListViewModel.swift in Sources */ = {isa = PBXBuildFile; fileRef = 87835C542ABF086800B1406F /* YummyListViewModel.swift */; };
		87DE023C2ABEE5DA00B427E0 /* YummyApp.swift in Sources */ = {isa = PBXBuildFile; fileRef = 87DE023B2ABEE5DA00B427E0 /* YummyApp.swift */; };
		87DE023E2ABEE5DA00B427E0 /* YummyTabView.swift in Sources */ = {isa = PBXBuildFile; fileRef = 87DE023D2ABEE5DA00B427E0 /* YummyTabView.swift */; };
		87DE02402ABEE5DC00B427E0 /* Assets.xcassets in Resources */ = {isa = PBXBuildFile; fileRef = 87DE023F2ABEE5DC00B427E0 /* Assets.xcassets */; };
		87DE02432ABEE5DC00B427E0 /* Preview Assets.xcassets in Resources */ = {isa = PBXBuildFile; fileRef = 87DE02422ABEE5DC00B427E0 /* Preview Assets.xcassets */; };
		87DE024A2ABEE6BA00B427E0 /* YummyListView.swift in Sources */ = {isa = PBXBuildFile; fileRef = 87DE02492ABEE6BA00B427E0 /* YummyListView.swift */; };
		87DE024C2ABEE6C600B427E0 /* YummyAccountView.swift in Sources */ = {isa = PBXBuildFile; fileRef = 87DE024B2ABEE6C600B427E0 /* YummyAccountView.swift */; };
		87DE024E2ABEE6D100B427E0 /* YummyOrderView.swift in Sources */ = {isa = PBXBuildFile; fileRef = 87DE024D2ABEE6D100B427E0 /* YummyOrderView.swift */; };
		87DE02512ABEF12100B427E0 /* Meal.swift in Sources */ = {isa = PBXBuildFile; fileRef = 87DE02502ABEF12100B427E0 /* Meal.swift */; };
		87DE02552ABEFC7E00B427E0 /* MealListCell.swift in Sources */ = {isa = PBXBuildFile; fileRef = 87DE02542ABEFC7E00B427E0 /* MealListCell.swift */; };
		87DE02572ABEFDCC00B427E0 /* NetworkManager.swift in Sources */ = {isa = PBXBuildFile; fileRef = 87DE02562ABEFDCC00B427E0 /* NetworkManager.swift */; };
		87DE02592ABEFEC100B427E0 /* YummyError.swift in Sources */ = {isa = PBXBuildFile; fileRef = 87DE02582ABEFEC100B427E0 /* YummyError.swift */; };
/* End PBXBuildFile section */

/* Begin PBXFileReference section */
		87835C542ABF086800B1406F /* YummyListViewModel.swift */ = {isa = PBXFileReference; lastKnownFileType = sourcecode.swift; path = YummyListViewModel.swift; sourceTree = "<group>"; };
		87DE02382ABEE5DA00B427E0 /* Yummy.app */ = {isa = PBXFileReference; explicitFileType = wrapper.application; includeInIndex = 0; path = Yummy.app; sourceTree = BUILT_PRODUCTS_DIR; };
		87DE023B2ABEE5DA00B427E0 /* YummyApp.swift */ = {isa = PBXFileReference; lastKnownFileType = sourcecode.swift; path = YummyApp.swift; sourceTree = "<group>"; };
		87DE023D2ABEE5DA00B427E0 /* YummyTabView.swift */ = {isa = PBXFileReference; lastKnownFileType = sourcecode.swift; path = YummyTabView.swift; sourceTree = "<group>"; };
		87DE023F2ABEE5DC00B427E0 /* Assets.xcassets */ = {isa = PBXFileReference; lastKnownFileType = folder.assetcatalog; path = Assets.xcassets; sourceTree = "<group>"; };
		87DE02422ABEE5DC00B427E0 /* Preview Assets.xcassets */ = {isa = PBXFileReference; lastKnownFileType = folder.assetcatalog; path = "Preview Assets.xcassets"; sourceTree = "<group>"; };
		87DE02492ABEE6BA00B427E0 /* YummyListView.swift */ = {isa = PBXFileReference; lastKnownFileType = sourcecode.swift; path = YummyListView.swift; sourceTree = "<group>"; };
		87DE024B2ABEE6C600B427E0 /* YummyAccountView.swift */ = {isa = PBXFileReference; lastKnownFileType = sourcecode.swift; path = YummyAccountView.swift; sourceTree = "<group>"; };
		87DE024D2ABEE6D100B427E0 /* YummyOrderView.swift */ = {isa = PBXFileReference; lastKnownFileType = sourcecode.swift; path = YummyOrderView.swift; sourceTree = "<group>"; };
		87DE02502ABEF12100B427E0 /* Meal.swift */ = {isa = PBXFileReference; lastKnownFileType = sourcecode.swift; path = Meal.swift; sourceTree = "<group>"; };
		87DE02542ABEFC7E00B427E0 /* MealListCell.swift */ = {isa = PBXFileReference; lastKnownFileType = sourcecode.swift; path = MealListCell.swift; sourceTree = "<group>"; };
		87DE02562ABEFDCC00B427E0 /* NetworkManager.swift */ = {isa = PBXFileReference; lastKnownFileType = sourcecode.swift; path = NetworkManager.swift; sourceTree = "<group>"; };
		87DE02582ABEFEC100B427E0 /* YummyError.swift */ = {isa = PBXFileReference; lastKnownFileType = sourcecode.swift; path = YummyError.swift; sourceTree = "<group>"; };
/* End PBXFileReference section */

/* Begin PBXFrameworksBuildPhase section */
		87DE02352ABEE5DA00B427E0 /* Frameworks */ = {
			isa = PBXFrameworksBuildPhase;
			buildActionMask = 2147483647;
			files = (
			);
			runOnlyForDeploymentPostprocessing = 0;
		};
/* End PBXFrameworksBuildPhase section */

/* Begin PBXGroup section */
		87835C532ABF05A800B1406F /* Utilities */ = {
			isa = PBXGroup;
			children = (
				87DE02502ABEF12100B427E0 /* Meal.swift */,
				87DE02562ABEFDCC00B427E0 /* NetworkManager.swift */,
				87DE02582ABEFEC100B427E0 /* YummyError.swift */,
			);
			path = Utilities;
			sourceTree = "<group>";
		};
		87DE022F2ABEE5DA00B427E0 = {
			isa = PBXGroup;
			children = (
				87DE023A2ABEE5DA00B427E0 /* Yummy */,
				87DE02392ABEE5DA00B427E0 /* Products */,
			);
			sourceTree = "<group>";
		};
		87DE02392ABEE5DA00B427E0 /* Products */ = {
			isa = PBXGroup;
			children = (
				87DE02382ABEE5DA00B427E0 /* Yummy.app */,
			);
			name = Products;
			sourceTree = "<group>";
		};
		87DE023A2ABEE5DA00B427E0 /* Yummy */ = {
			isa = PBXGroup;
			children = (
				87DE023B2ABEE5DA00B427E0 /* YummyApp.swift */,
				87DE023D2ABEE5DA00B427E0 /* YummyTabView.swift */,
				87DE024F2ABEE97600B427E0 /* Views */,
				87835C532ABF05A800B1406F /* Utilities */,
				87DE023F2ABEE5DC00B427E0 /* Assets.xcassets */,
				87DE02412ABEE5DC00B427E0 /* Preview Content */,
			);
			path = Yummy;
			sourceTree = "<group>";
		};
		87DE02412ABEE5DC00B427E0 /* Preview Content */ = {
			isa = PBXGroup;
			children = (
				87DE02422ABEE5DC00B427E0 /* Preview Assets.xcassets */,
			);
			path = "Preview Content";
			sourceTree = "<group>";
		};
		87DE024F2ABEE97600B427E0 /* Views */ = {
			isa = PBXGroup;
			children = (
				87835C542ABF086800B1406F /* YummyListViewModel.swift */,
				87DE02492ABEE6BA00B427E0 /* YummyListView.swift */,
				87DE024B2ABEE6C600B427E0 /* YummyAccountView.swift */,
				87DE024D2ABEE6D100B427E0 /* YummyOrderView.swift */,
				87DE02542ABEFC7E00B427E0 /* MealListCell.swift */,
			);
			path = Views;
			sourceTree = "<group>";
		};
/* End PBXGroup section */

/* Begin PBXNativeTarget section */
		87DE02372ABEE5DA00B427E0 /* Yummy */ = {
			isa = PBXNativeTarget;
			buildConfigurationList = 87DE02462ABEE5DC00B427E0 /* Build configuration list for PBXNativeTarget "Yummy" */;
			buildPhases = (
				87DE02342ABEE5DA00B427E0 /* Sources */,
				87DE02352ABEE5DA00B427E0 /* Frameworks */,
				87DE02362ABEE5DA00B427E0 /* Resources */,
			);
			buildRules = (
			);
			dependencies = (
			);
			name = Yummy;
			productName = Yummy;
			productReference = 87DE02382ABEE5DA00B427E0 /* Yummy.app */;
			productType = "com.apple.product-type.application";
		};
/* End PBXNativeTarget section */

/* Begin PBXProject section */
		87DE02302ABEE5DA00B427E0 /* Project object */ = {
			isa = PBXProject;
			attributes = {
				BuildIndependentTargetsInParallel = 1;
				LastSwiftUpdateCheck = 1500;
				LastUpgradeCheck = 1500;
				TargetAttributes = {
					87DE02372ABEE5DA00B427E0 = {
						CreatedOnToolsVersion = 15.0;
					};
				};
			};
			buildConfigurationList = 87DE02332ABEE5DA00B427E0 /* Build configuration list for PBXProject "Yummy" */;
			compatibilityVersion = "Xcode 14.0";
			developmentRegion = en;
			hasScannedForEncodings = 0;
			knownRegions = (
				en,
				Base,
			);
			mainGroup = 87DE022F2ABEE5DA00B427E0;
			productRefGroup = 87DE02392ABEE5DA00B427E0 /* Products */;
			projectDirPath = "";
			projectRoot = "";
			targets = (
				87DE02372ABEE5DA00B427E0 /* Yummy */,
			);
		};
/* End PBXProject section */

/* Begin PBXResourcesBuildPhase section */
		87DE02362ABEE5DA00B427E0 /* Resources */ = {
			isa = PBXResourcesBuildPhase;
			buildActionMask = 2147483647;
			files = (
				87DE02432ABEE5DC00B427E0 /* Preview Assets.xcassets in Resources */,
				87DE02402ABEE5DC00B427E0 /* Assets.xcassets in Resources */,
			);
			runOnlyForDeploymentPostprocessing = 0;
		};
/* End PBXResourcesBuildPhase section */

/* Begin PBXSourcesBuildPhase section */
		87DE02342ABEE5DA00B427E0 /* Sources */ = {
			isa = PBXSourcesBuildPhase;
			buildActionMask = 2147483647;
			files = (
				87DE024E2ABEE6D100B427E0 /* YummyOrderView.swift in Sources */,
				87DE023E2ABEE5DA00B427E0 /* YummyTabView.swift in Sources */,
				87DE024A2ABEE6BA00B427E0 /* YummyListView.swift in Sources */,
				87835C552ABF086800B1406F /* YummyListViewModel.swift in Sources */,
				87DE02552ABEFC7E00B427E0 /* MealListCell.swift in Sources */,
				87DE02572ABEFDCC00B427E0 /* NetworkManager.swift in Sources */,
				87DE02512ABEF12100B427E0 /* Meal.swift in Sources */,
				87DE02592ABEFEC100B427E0 /* YummyError.swift in Sources */,
				87DE024C2ABEE6C600B427E0 /* YummyAccountView.swift in Sources */,
				87DE023C2ABEE5DA00B427E0 /* YummyApp.swift in Sources */,
			);
			runOnlyForDeploymentPostprocessing = 0;
		};
/* End PBXSourcesBuildPhase section */

/* Begin XCBuildConfiguration section */
		87DE02442ABEE5DC00B427E0 /* Debug */ = {
			isa = XCBuildConfiguration;
			buildSettings = {
				ALWAYS_SEARCH_USER_PATHS = NO;
				ASSETCATALOG_COMPILER_GENERATE_SWIFT_ASSET_SYMBOL_EXTENSIONS = YES;
				CLANG_ANALYZER_NONNULL = YES;
				CLANG_ANALYZER_NUMBER_OBJECT_CONVERSION = YES_AGGRESSIVE;
				CLANG_CXX_LANGUAGE_STANDARD = "gnu++20";
				CLANG_ENABLE_MODULES = YES;
				CLANG_ENABLE_OBJC_ARC = YES;
				CLANG_ENABLE_OBJC_WEAK = YES;
				CLANG_WARN_BLOCK_CAPTURE_AUTORELEASING = YES;
				CLANG_WARN_BOOL_CONVERSION = YES;
				CLANG_WARN_COMMA = YES;
				CLANG_WARN_CONSTANT_CONVERSION = YES;
				CLANG_WARN_DEPRECATED_OBJC_IMPLEMENTATIONS = YES;
				CLANG_WARN_DIRECT_OBJC_ISA_USAGE = YES_ERROR;
				CLANG_WARN_DOCUMENTATION_COMMENTS = YES;
				CLANG_WARN_EMPTY_BODY = YES;
				CLANG_WARN_ENUM_CONVERSION = YES;
				CLANG_WARN_INFINITE_RECURSION = YES;
				CLANG_WARN_INT_CONVERSION = YES;
				CLANG_WARN_NON_LITERAL_NULL_CONVERSION = YES;
				CLANG_WARN_OBJC_IMPLICIT_RETAIN_SELF = YES;
				CLANG_WARN_OBJC_LITERAL_CONVERSION = YES;
				CLANG_WARN_OBJC_ROOT_CLASS = YES_ERROR;
				CLANG_WARN_QUOTED_INCLUDE_IN_FRAMEWORK_HEADER = YES;
				CLANG_WARN_RANGE_LOOP_ANALYSIS = YES;
				CLANG_WARN_STRICT_PROTOTYPES = YES;
				CLANG_WARN_SUSPICIOUS_MOVE = YES;
				CLANG_WARN_UNGUARDED_AVAILABILITY = YES_AGGRESSIVE;
				CLANG_WARN_UNREACHABLE_CODE = YES;
				CLANG_WARN__DUPLICATE_METHOD_MATCH = YES;
				COPY_PHASE_STRIP = NO;
				DEBUG_INFORMATION_FORMAT = dwarf;
				ENABLE_STRICT_OBJC_MSGSEND = YES;
				ENABLE_TESTABILITY = YES;
				ENABLE_USER_SCRIPT_SANDBOXING = YES;
				GCC_C_LANGUAGE_STANDARD = gnu17;
				GCC_DYNAMIC_NO_PIC = NO;
				GCC_NO_COMMON_BLOCKS = YES;
				GCC_OPTIMIZATION_LEVEL = 0;
				GCC_PREPROCESSOR_DEFINITIONS = (
					"DEBUG=1",
					"$(inherited)",
				);
				GCC_WARN_64_TO_32_BIT_CONVERSION = YES;
				GCC_WARN_ABOUT_RETURN_TYPE = YES_ERROR;
				GCC_WARN_UNDECLARED_SELECTOR = YES;
				GCC_WARN_UNINITIALIZED_AUTOS = YES_AGGRESSIVE;
				GCC_WARN_UNUSED_FUNCTION = YES;
				GCC_WARN_UNUSED_VARIABLE = YES;
				IPHONEOS_DEPLOYMENT_TARGET = 17.0;
				LOCALIZATION_PREFERS_STRING_CATALOGS = YES;
				MTL_ENABLE_DEBUG_INFO = INCLUDE_SOURCE;
				MTL_FAST_MATH = YES;
				ONLY_ACTIVE_ARCH = YES;
				SDKROOT = iphoneos;
				SWIFT_ACTIVE_COMPILATION_CONDITIONS = "DEBUG $(inherited)";
				SWIFT_OPTIMIZATION_LEVEL = "-Onone";
			};
			name = Debug;
		};
		87DE02452ABEE5DC00B427E0 /* Release */ = {
			isa = XCBuildConfiguration;
			buildSettings = {
				ALWAYS_SEARCH_USER_PATHS = NO;
				ASSETCATALOG_COMPILER_GENERATE_SWIFT_ASSET_SYMBOL_EXTENSIONS = YES;
				CLANG_ANALYZER_NONNULL = YES;
				CLANG_ANALYZER_NUMBER_OBJECT_CONVERSION = YES_AGGRESSIVE;
				CLANG_CXX_LANGUAGE_STANDARD = "gnu++20";
				CLANG_ENABLE_MODULES = YES;
				CLANG_ENABLE_OBJC_ARC = YES;
				CLANG_ENABLE_OBJC_WEAK = YES;
				CLANG_WARN_BLOCK_CAPTURE_AUTORELEASING = YES;
				CLANG_WARN_BOOL_CONVERSION = YES;
				CLANG_WARN_COMMA = YES;
				CLANG_WARN_CONSTANT_CONVERSION = YES;
				CLANG_WARN_DEPRECATED_OBJC_IMPLEMENTATIONS = YES;
				CLANG_WARN_DIRECT_OBJC_ISA_USAGE = YES_ERROR;
				CLANG_WARN_DOCUMENTATION_COMMENTS = YES;
				CLANG_WARN_EMPTY_BODY = YES;
				CLANG_WARN_ENUM_CONVERSION = YES;
				CLANG_WARN_INFINITE_RECURSION = YES;
				CLANG_WARN_INT_CONVERSION = YES;
				CLANG_WARN_NON_LITERAL_NULL_CONVERSION = YES;
				CLANG_WARN_OBJC_IMPLICIT_RETAIN_SELF = YES;
				CLANG_WARN_OBJC_LITERAL_CONVERSION = YES;
				CLANG_WARN_OBJC_ROOT_CLASS = YES_ERROR;
				CLANG_WARN_QUOTED_INCLUDE_IN_FRAMEWORK_HEADER = YES;
				CLANG_WARN_RANGE_LOOP_ANALYSIS = YES;
				CLANG_WARN_STRICT_PROTOTYPES = YES;
				CLANG_WARN_SUSPICIOUS_MOVE = YES;
				CLANG_WARN_UNGUARDED_AVAILABILITY = YES_AGGRESSIVE;
				CLANG_WARN_UNREACHABLE_CODE = YES;
				CLANG_WARN__DUPLICATE_METHOD_MATCH = YES;
				COPY_PHASE_STRIP = NO;
				DEBUG_INFORMATION_FORMAT = "dwarf-with-dsym";
				ENABLE_NS_ASSERTIONS = NO;
				ENABLE_STRICT_OBJC_MSGSEND = YES;
				ENABLE_USER_SCRIPT_SANDBOXING = YES;
				GCC_C_LANGUAGE_STANDARD = gnu17;
				GCC_NO_COMMON_BLOCKS = YES;
				GCC_WARN_64_TO_32_BIT_CONVERSION = YES;
				GCC_WARN_ABOUT_RETURN_TYPE = YES_ERROR;
				GCC_WARN_UNDECLARED_SELECTOR = YES;
				GCC_WARN_UNINITIALIZED_AUTOS = YES_AGGRESSIVE;
				GCC_WARN_UNUSED_FUNCTION = YES;
				GCC_WARN_UNUSED_VARIABLE = YES;
				IPHONEOS_DEPLOYMENT_TARGET = 17.0;
				LOCALIZATION_PREFERS_STRING_CATALOGS = YES;
				MTL_ENABLE_DEBUG_INFO = NO;
				MTL_FAST_MATH = YES;
				SDKROOT = iphoneos;
				SWIFT_COMPILATION_MODE = wholemodule;
				VALIDATE_PRODUCT = YES;
			};
			name = Release;
		};
		87DE02472ABEE5DC00B427E0 /* Debug */ = {
			isa = XCBuildConfiguration;
			buildSettings = {
				ASSETCATALOG_COMPILER_APPICON_NAME = AppIcon;
				ASSETCATALOG_COMPILER_GLOBAL_ACCENT_COLOR_NAME = AccentColor;
				CODE_SIGN_STYLE = Automatic;
				CURRENT_PROJECT_VERSION = 1;
				DEVELOPMENT_ASSET_PATHS = "\"Yummy/Preview Content\"";
				DEVELOPMENT_TEAM = G64HSUAAY3;
				ENABLE_PREVIEWS = YES;
				GENERATE_INFOPLIST_FILE = YES;
				INFOPLIST_KEY_UIApplicationSceneManifest_Generation = YES;
				INFOPLIST_KEY_UIApplicationSupportsIndirectInputEvents = YES;
				INFOPLIST_KEY_UILaunchScreen_Generation = YES;
				INFOPLIST_KEY_UISupportedInterfaceOrientations_iPad = "UIInterfaceOrientationPortrait UIInterfaceOrientationPortraitUpsideDown UIInterfaceOrientationLandscapeLeft UIInterfaceOrientationLandscapeRight";
				INFOPLIST_KEY_UISupportedInterfaceOrientations_iPhone = "UIInterfaceOrientationPortrait UIInterfaceOrientationLandscapeLeft UIInterfaceOrientationLandscapeRight";
				LD_RUNPATH_SEARCH_PATHS = (
					"$(inherited)",
					"@executable_path/Frameworks",
				);
				MARKETING_VERSION = 1.0;
				PRODUCT_BUNDLE_IDENTIFIER = com.nimchynskyi.Yummy;
				PRODUCT_NAME = "$(TARGET_NAME)";
				SWIFT_EMIT_LOC_STRINGS = YES;
				SWIFT_VERSION = 5.0;
				TARGETED_DEVICE_FAMILY = "1,2";
			};
			name = Debug;
		};
		87DE02482ABEE5DC00B427E0 /* Release */ = {
			isa = XCBuildConfiguration;
			buildSettings = {
				ASSETCATALOG_COMPILER_APPICON_NAME = AppIcon;
				ASSETCATALOG_COMPILER_GLOBAL_ACCENT_COLOR_NAME = AccentColor;
				CODE_SIGN_STYLE = Automatic;
				CURRENT_PROJECT_VERSION = 1;
				DEVELOPMENT_ASSET_PATHS = "\"Yummy/Preview Content\"";
				DEVELOPMENT_TEAM = G64HSUAAY3;
				ENABLE_PREVIEWS = YES;
				GENERATE_INFOPLIST_FILE = YES;
				INFOPLIST_KEY_UIApplicationSceneManifest_Generation = YES;
				INFOPLIST_KEY_UIApplicationSupportsIndirectInputEvents = YES;
				INFOPLIST_KEY_UILaunchScreen_Generation = YES;
				INFOPLIST_KEY_UISupportedInterfaceOrientations_iPad = "UIInterfaceOrientationPortrait UIInterfaceOrientationPortraitUpsideDown UIInterfaceOrientationLandscapeLeft UIInterfaceOrientationLandscapeRight";
				INFOPLIST_KEY_UISupportedInterfaceOrientations_iPhone = "UIInterfaceOrientationPortrait UIInterfaceOrientationLandscapeLeft UIInterfaceOrientationLandscapeRight";
				LD_RUNPATH_SEARCH_PATHS = (
					"$(inherited)",
					"@executable_path/Frameworks",
				);
				MARKETING_VERSION = 1.0;
				PRODUCT_BUNDLE_IDENTIFIER = com.nimchynskyi.Yummy;
				PRODUCT_NAME = "$(TARGET_NAME)";
				SWIFT_EMIT_LOC_STRINGS = YES;
				SWIFT_VERSION = 5.0;
				TARGETED_DEVICE_FAMILY = "1,2";
			};
			name = Release;
		};
/* End XCBuildConfiguration section */

/* Begin XCConfigurationList section */
		87DE02332ABEE5DA00B427E0 /* Build configuration list for PBXProject "Yummy" */ = {
			isa = XCConfigurationList;
			buildConfigurations = (
				87DE02442ABEE5DC00B427E0 /* Debug */,
				87DE02452ABEE5DC00B427E0 /* Release */,
			);
			defaultConfigurationIsVisible = 0;
			defaultConfigurationName = Release;
		};
		87DE02462ABEE5DC00B427E0 /* Build configuration list for PBXNativeTarget "Yummy" */ = {
			isa = XCConfigurationList;
			buildConfigurations = (
				87DE02472ABEE5DC00B427E0 /* Debug */,
				87DE02482ABEE5DC00B427E0 /* Release */,
			);
			defaultConfigurationIsVisible = 0;
			defaultConfigurationName = Release;
		};
/* End XCConfigurationList section */
	};
	rootObject = 87DE02302ABEE5DA00B427E0 /* Project object */;
}
